
Microsoft Visual Studio Solution File, Format Version 12.00
# Visual Studio Version 17
VisualStudioVersion = 17.5.002.0
MinimumVisualStudioVersion = 10.0.40219.1
Project("{9A19103F-16F7-4668-BE54-9A1E7A4F7556}") = "SmartImage", "SmartImage.csproj", "{5A2FF8FB-95D6-4B51-B602-6A4862A24727}"
EndProject
Global
	GlobalSection(SolutionConfigurationPlatforms) = preSolution
		Debug|Any CPU = Debug|Any CPU
		Release|Any CPU = Release|Any CPU
	EndGlobalSection
	GlobalSection(ProjectConfigurationPlatforms) = postSolution
		{5A2FF8FB-95D6-4B51-B602-6A4862A24727}.Debug|Any CPU.ActiveCfg = Debug|Any CPU
		{5A2FF8FB-95D6-4B51-B602-6A4862A24727}.Debug|Any CPU.Build.0 = Debug|Any CPU
		{5A2FF8FB-95D6-4B51-B602-6A4862A24727}.Release|Any CPU.ActiveCfg = Release|Any CPU
		{5A2FF8FB-95D6-4B51-B602-6A4862A24727}.Release|Any CPU.Build.0 = Release|Any CPU
	EndGlobalSection
	GlobalSection(SolutionProperties) = preSolution
		HideSolutionNode = FALSE
	EndGlobalSection
	GlobalSection(ExtensibilityGlobals) = postSolution
		SolutionGuid = {BCDE37A7-82C7-49C6-95AB-01D08349D96A}
	EndGlobalSection
EndGlobal
